// !$*UTF8*$!
{
	archiveVersion = 1;
	classes = {
	};
	objectVersion = 77;
	objects = {

/* Begin PBXBuildFile section */
		1E12D2DC11CE4E2BF4C11E3D /* GameContainerView.swift in Sources */ = {isa = PBXBuildFile; fileRef = 5A9E0E7269ACC7CCB3CD8104 /* GameContainerView.swift */; };
		33E7F20B3BC9A0A9EB280401 /* GameFX.swift in Sources */ = {isa = PBXBuildFile; fileRef = ECD5779411852AF86A609798 /* GameFX.swift */; };
		42BEC4AB9740277A8A1530A6 /* GameScene.swift in Sources */ = {isa = PBXBuildFile; fileRef = 275E7B92F01EE395A723482A /* GameScene.swift */; };
		844EA46115C7E0C5F3A2A016 /* RootView.swift in Sources */ = {isa = PBXBuildFile; fileRef = 2F17F1A3077AE95466B2264A /* RootView.swift */; };
		916F3BFE68D52246DC15AA00 /* ShareCard.swift in Sources */ = {isa = PBXBuildFile; fileRef = EE6C8A7F47F36844BCB4806F /* ShareCard.swift */; };
		94329916326C8D1D513719DF /* App.swift in Sources */ = {isa = PBXBuildFile; fileRef = 00C4E0E1ABB2D9422C2A82ED /* App.swift */; };
		CA16A71A6B956CBBF22C7BDD /* ChallengeCode.swift in Sources */ = {isa = PBXBuildFile; fileRef = 8CD1DEACCB065764372FC23D /* ChallengeCode.swift */; };
/* End PBXBuildFile section */

/* Begin PBXFileReference section */
		00C4E0E1ABB2D9422C2A82ED /* App.swift */ = {isa = PBXFileReference; lastKnownFileType = sourcecode.swift; path = App.swift; sourceTree = "<group>"; };
		275E7B92F01EE395A723482A /* GameScene.swift */ = {isa = PBXFileReference; lastKnownFileType = sourcecode.swift; path = GameScene.swift; sourceTree = "<group>"; };
		2F17F1A3077AE95466B2264A /* RootView.swift */ = {isa = PBXFileReference; lastKnownFileType = sourcecode.swift; path = RootView.swift; sourceTree = "<group>"; };
		5A9E0E7269ACC7CCB3CD8104 /* GameContainerView.swift */ = {isa = PBXFileReference; lastKnownFileType = sourcecode.swift; path = GameContainerView.swift; sourceTree = "<group>"; };
		74D63AF0D8FB923A2320C385 /* Info.plist */ = {isa = PBXFileReference; lastKnownFileType = text.plist; path = Info.plist; sourceTree = "<group>"; };
		8CD1DEACCB065764372FC23D /* ChallengeCode.swift */ = {isa = PBXFileReference; lastKnownFileType = sourcecode.swift; path = ChallengeCode.swift; sourceTree = "<group>"; };
		DC164BAA3B2C798FD567D5FF /* FlapFight.app */ = {isa = PBXFileReference; includeInIndex = 0; lastKnownFileType = wrapper.application; path = FlapFight.app; sourceTree = BUILT_PRODUCTS_DIR; };
		ECD5779411852AF86A609798 /* GameFX.swift */ = {isa = PBXFileReference; lastKnownFileType = sourcecode.swift; path = GameFX.swift; sourceTree = "<group>"; };
		EE6C8A7F47F36844BCB4806F /* ShareCard.swift */ = {isa = PBXFileReference; lastKnownFileType = sourcecode.swift; path = ShareCard.swift; sourceTree = "<group>"; };
/* End PBXFileReference section */

/* Begin PBXGroup section */
		5E2A1E459B74838E9A35B999 /* Game */ = {
			isa = PBXGroup;
			children = (
				8CD1DEACCB065764372FC23D /* ChallengeCode.swift */,
				ECD5779411852AF86A609798 /* GameFX.swift */,
				275E7B92F01EE395A723482A /* GameScene.swift */,
			);
			path = Game;
			sourceTree = "<group>";
		};
		77351B0D2B671BD20A9B1D2A /* UI */ = {
			isa = PBXGroup;
			children = (
				5A9E0E7269ACC7CCB3CD8104 /* GameContainerView.swift */,
				2F17F1A3077AE95466B2264A /* RootView.swift */,
				EE6C8A7F47F36844BCB4806F /* ShareCard.swift */,
			);
			path = UI;
			sourceTree = "<group>";
		};
		86D1FB46F4DB9658EA7036C5 /* FlapFight */ = {
			isa = PBXGroup;
			children = (
				00C4E0E1ABB2D9422C2A82ED /* App.swift */,
				74D63AF0D8FB923A2320C385 /* Info.plist */,
				5E2A1E459B74838E9A35B999 /* Game */,
				77351B0D2B671BD20A9B1D2A /* UI */,
			);
			path = FlapFight;
			sourceTree = "<group>";
		};
		A6437A1E15D5B45104844FF7 /* Products */ = {
			isa = PBXGroup;
			children = (
				DC164BAA3B2C798FD567D5FF /* FlapFight.app */,
			);
			name = Products;
			sourceTree = "<group>";
		};
		FBBAE27DA30D073E822D6E18 = {
			isa = PBXGroup;
			children = (
				86D1FB46F4DB9658EA7036C5 /* FlapFight */,
				A6437A1E15D5B45104844FF7 /* Products */,
			);
			sourceTree = "<group>";
		};
/* End PBXGroup section */

/* Begin PBXNativeTarget section */
		3B031CDEA725AF0929450591 /* FlapFight */ = {
			isa = PBXNativeTarget;
			buildConfigurationList = 45C9257B6286A5B8889A8D7F /* Build configuration list for PBXNativeTarget "FlapFight" */;
			buildPhases = (
				EDA01415E332A832ADD4460A /* Sources */,
			);
			buildRules = (
			);
			dependencies = (
			);
			name = FlapFight;
			packageProductDependencies = (
			);
			productName = FlapFight;
			productReference = DC164BAA3B2C798FD567D5FF /* FlapFight.app */;
			productType = "com.apple.product-type.application";
		};
/* End PBXNativeTarget section */

/* Begin PBXProject section */
		7065F6B385619FE0C8B91746 /* Project object */ = {
			isa = PBXProject;
			attributes = {
				BuildIndependentTargetsInParallel = YES;
				LastUpgradeCheck = 2620;
				TargetAttributes = {
					3B031CDEA725AF0929450591 = {
						DevelopmentTeam = 5U9W272754;
						ProvisioningStyle = Automatic;
					};
				};
			};
			buildConfigurationList = E58B8E73C339E350A03A12D1 /* Build configuration list for PBXProject "FlapFight" */;
			compatibilityVersion = "Xcode 14.0";
			developmentRegion = en;
			hasScannedForEncodings = 0;
			knownRegions = (
				Base,
				en,
			);
			mainGroup = FBBAE27DA30D073E822D6E18;
			minimizedProjectReferenceProxies = 1;
			preferredProjectObjectVersion = 77;
			projectDirPath = "";
			projectRoot = "";
			targets = (
				3B031CDEA725AF0929450591 /* FlapFight */,
			);
		};
/* End PBXProject section */

/* Begin PBXSourcesBuildPhase section */
		EDA01415E332A832ADD4460A /* Sources */ = {
			isa = PBXSourcesBuildPhase;
			buildActionMask = 2147483647;
			files = (
				94329916326C8D1D513719DF /* App.swift in Sources */,
				CA16A71A6B956CBBF22C7BDD /* ChallengeCode.swift in Sources */,
				1E12D2DC11CE4E2BF4C11E3D /* GameContainerView.swift in Sources */,
				33E7F20B3BC9A0A9EB280401 /* GameFX.swift in Sources */,
				42BEC4AB9740277A8A1530A6 /* GameScene.swift in Sources */,
				844EA46115C7E0C5F3A2A016 /* RootView.swift in Sources */,
				916F3BFE68D52246DC15AA00 /* ShareCard.swift in Sources */,
			);
			runOnlyForDeploymentPostprocessing = 0;
		};
/* End PBXSourcesBuildPhase section */

/* Begin XCBuildConfiguration section */
		4F2ECED6596FBED38C0CF27B /* Debug */ = {
			isa = XCBuildConfiguration;
			buildSettings = {
				ALWAYS_SEARCH_USER_PATHS = NO;
				CLANG_ANALYZER_NONNULL = YES;
				CLANG_ANALYZER_NUMBER_OBJECT_CONVERSION = YES_AGGRESSIVE;
				CLANG_CXX_LANGUAGE_STANDARD = "gnu++14";
				CLANG_CXX_LIBRARY = "libc++";
				CLANG_ENABLE_MODULES = YES;
				CLANG_ENABLE_OBJC_ARC = YES;
				CLANG_ENABLE_OBJC_WEAK = YES;
				CLANG_WARN_BLOCK_CAPTURE_AUTORELEASING = YES;
				CLANG_WARN_BOOL_CONVERSION = YES;
				CLANG_WARN_COMMA = YES;
				CLANG_WARN_CONSTANT_CONVERSION = YES;
				CLANG_WARN_DEPRECATED_OBJC_IMPLEMENTATIONS = YES;
				CLANG_WARN_DIRECT_OBJC_ISA_USAGE = YES_ERROR;
				CLANG_WARN_DOCUMENTATION_COMMENTS = YES;
				CLANG_WARN_EMPTY_BODY = YES;
				CLANG_WARN_ENUM_CONVERSION = YES;
				CLANG_WARN_INFINITE_RECURSION = YES;
				CLANG_WARN_INT_CONVERSION = YES;
				CLANG_WARN_NON_LITERAL_NULL_CONVERSION = YES;
				CLANG_WARN_OBJC_IMPLICIT_RETAIN_SELF = YES;
				CLANG_WARN_OBJC_LITERAL_CONVERSION = YES;
				CLANG_WARN_OBJC_ROOT_CLASS = YES_ERROR;
				CLANG_WARN_QUOTED_INCLUDE_IN_FRAMEWORK_HEADER = YES;
				CLANG_WARN_RANGE_LOOP_ANALYSIS = YES;
				CLANG_WARN_STRICT_PROTOTYPES = YES;
				CLANG_WARN_SUSPICIOUS_MOVE = YES;
				CLANG_WARN_UNGUARDED_AVAILABILITY = YES_AGGRESSIVE;
				CLANG_WARN_UNREACHABLE_CODE = YES;
				CLANG_WARN__DUPLICATE_METHOD_MATCH = YES;
				COPY_PHASE_STRIP = NO;
				CURRENT_PROJECT_VERSION = 1;
				DEBUG_INFORMATION_FORMAT = dwarf;
				ENABLE_STRICT_OBJC_MSGSEND = YES;
				ENABLE_TESTABILITY = YES;
				GCC_C_LANGUAGE_STANDARD = gnu11;
				GCC_DYNAMIC_NO_PIC = NO;
				GCC_NO_COMMON_BLOCKS = YES;
				GCC_OPTIMIZATION_LEVEL = 0;
				GCC_PREPROCESSOR_DEFINITIONS = (
					"$(inherited)",
					"DEBUG=1",
				);
				GCC_WARN_64_TO_32_BIT_CONVERSION = YES;
				GCC_WARN_ABOUT_RETURN_TYPE = YES_ERROR;
				GCC_WARN_UNDECLARED_SELECTOR = YES;
				GCC_WARN_UNINITIALIZED_AUTOS = YES_AGGRESSIVE;
				GCC_WARN_UNUSED_FUNCTION = YES;
				GCC_WARN_UNUSED_VARIABLE = YES;
				INFOPLIST_FILE = FlapFight/Info.plist;
				IPHONEOS_DEPLOYMENT_TARGET = 17.0;
				MARKETING_VERSION = 1.0;
				MTL_ENABLE_DEBUG_INFO = INCLUDE_SOURCE;
				MTL_FAST_MATH = YES;
				ONLY_ACTIVE_ARCH = YES;
				PRODUCT_BUNDLE_IDENTIFIER = com.100f.flapfight;
				PRODUCT_NAME = "$(TARGET_NAME)";
				SDKROOT = iphoneos;
				SWIFT_ACTIVE_COMPILATION_CONDITIONS = DEBUG;
				SWIFT_OPTIMIZATION_LEVEL = "-Onone";
				SWIFT_VERSION = 5.0;
				UILaunchScreen_Generation = YES;
			};
			name = Debug;
		};
		CAC8FD3805A19F3649C8817B /* Release */ = {
			isa = XCBuildConfiguration;
			buildSettings = {
				ALWAYS_SEARCH_USER_PATHS = NO;
				CLANG_ANALYZER_NONNULL = YES;
				CLANG_ANALYZER_NUMBER_OBJECT_CONVERSION = YES_AGGRESSIVE;
				CLANG_CXX_LANGUAGE_STANDARD = "gnu++14";
				CLANG_CXX_LIBRARY = "libc++";
				CLANG_ENABLE_MODULES = YES;
				CLANG_ENABLE_OBJC_ARC = YES;
				CLANG_ENABLE_OBJC_WEAK = YES;
				CLANG_WARN_BLOCK_CAPTURE_AUTORELEASING = YES;
				CLANG_WARN_BOOL_CONVERSION = YES;
				CLANG_WARN_COMMA = YES;
				CLANG_WARN_CONSTANT_CONVERSION = YES;
				CLANG_WARN_DEPRECATED_OBJC_IMPLEMENTATIONS = YES;
				CLANG_WARN_DIRECT_OBJC_ISA_USAGE = YES_ERROR;
				CLANG_WARN_DOCUMENTATION_COMMENTS = YES;
				CLANG_WARN_EMPTY_BODY = YES;
				CLANG_WARN_ENUM_CONVERSION = YES;
				CLANG_WARN_INFINITE_RECURSION = YES;
				CLANG_WARN_INT_CONVERSION = YES;
				CLANG_WARN_NON_LITERAL_NULL_CONVERSION = YES;
				CLANG_WARN_OBJC_IMPLICIT_RETAIN_SELF = YES;
				CLANG_WARN_OBJC_LITERAL_CONVERSION = YES;
				CLANG_WARN_OBJC_ROOT_CLASS = YES_ERROR;
				CLANG_WARN_QUOTED_INCLUDE_IN_FRAMEWORK_HEADER = YES;
				CLANG_WARN_RANGE_LOOP_ANALYSIS = YES;
				CLANG_WARN_STRICT_PROTOTYPES = YES;
				CLANG_WARN_SUSPICIOUS_MOVE = YES;
				CLANG_WARN_UNGUARDED_AVAILABILITY = YES_AGGRESSIVE;
				CLANG_WARN_UNREACHABLE_CODE = YES;
				CLANG_WARN__DUPLICATE_METHOD_MATCH = YES;
				COPY_PHASE_STRIP = NO;
				CURRENT_PROJECT_VERSION = 1;
				DEBUG_INFORMATION_FORMAT = "dwarf-with-dsym";
				ENABLE_NS_ASSERTIONS = NO;
				ENABLE_STRICT_OBJC_MSGSEND = YES;
				GCC_C_LANGUAGE_STANDARD = gnu11;
				GCC_NO_COMMON_BLOCKS = YES;
				GCC_WARN_64_TO_32_BIT_CONVERSION = YES;
				GCC_WARN_ABOUT_RETURN_TYPE = YES_ERROR;
				GCC_WARN_UNDECLARED_SELECTOR = YES;
				GCC_WARN_UNINITIALIZED_AUTOS = YES_AGGRESSIVE;
				GCC_WARN_UNUSED_FUNCTION = YES;
				GCC_WARN_UNUSED_VARIABLE = YES;
				INFOPLIST_FILE = FlapFight/Info.plist;
				IPHONEOS_DEPLOYMENT_TARGET = 17.0;
				MARKETING_VERSION = 1.0;
				MTL_ENABLE_DEBUG_INFO = NO;
				MTL_FAST_MATH = YES;
				PRODUCT_BUNDLE_IDENTIFIER = com.100f.flapfight;
				PRODUCT_NAME = "$(TARGET_NAME)";
				SDKROOT = iphoneos;
				SWIFT_COMPILATION_MODE = wholemodule;
				SWIFT_OPTIMIZATION_LEVEL = "-O";
				SWIFT_VERSION = 5.0;
				UILaunchScreen_Generation = YES;
			};
			name = Release;
		};
		E0601A27167B43987FDC0C39 /* Debug */ = {
			isa = XCBuildConfiguration;
			buildSettings = {
				ASSETCATALOG_COMPILER_APPICON_NAME = AppIcon;
				CODE_SIGN_IDENTITY = "iPhone Developer";
				CODE_SIGN_STYLE = Automatic;
				DEVELOPMENT_ASSET_PATHS = FlapFight/Resources;
				DEVELOPMENT_TEAM = 5U9W272754;
				INFOPLIST_FILE = FlapFight/Info.plist;
				LD_RUNPATH_SEARCH_PATHS = (
					"$(inherited)",
					"@executable_path/Frameworks",
				);
				PRODUCT_BUNDLE_IDENTIFIER = com.100f.flapfight;
				PRODUCT_NAME = FlapFight;
				SDKROOT = iphoneos;
				TARGETED_DEVICE_FAMILY = "1,2";
			};
			name = Debug;
		};
		ECAC1A565A5D1CD7137347CA /* Release */ = {
			isa = XCBuildConfiguration;
			buildSettings = {
				ASSETCATALOG_COMPILER_APPICON_NAME = AppIcon;
				CODE_SIGN_IDENTITY = "iPhone Developer";
				CODE_SIGN_STYLE = Automatic;
				DEVELOPMENT_ASSET_PATHS = FlapFight/Resources;
				DEVELOPMENT_TEAM = 5U9W272754;
				INFOPLIST_FILE = FlapFight/Info.plist;
				LD_RUNPATH_SEARCH_PATHS = (
					"$(inherited)",
					"@executable_path/Frameworks",
				);
				PRODUCT_BUNDLE_IDENTIFIER = com.100f.flapfight;
				PRODUCT_NAME = FlapFight;
				SDKROOT = iphoneos;
				TARGETED_DEVICE_FAMILY = "1,2";
			};
			name = Release;
		};
/* End XCBuildConfiguration section */

/* Begin XCConfigurationList section */
		45C9257B6286A5B8889A8D7F /* Build configuration list for PBXNativeTarget "FlapFight" */ = {
			isa = XCConfigurationList;
			buildConfigurations = (
				E0601A27167B43987FDC0C39 /* Debug */,
				ECAC1A565A5D1CD7137347CA /* Release */,
			);
			defaultConfigurationIsVisible = 0;
			defaultConfigurationName = Debug;
		};
		E58B8E73C339E350A03A12D1 /* Build configuration list for PBXProject "FlapFight" */ = {
			isa = XCConfigurationList;
			buildConfigurations = (
				4F2ECED6596FBED38C0CF27B /* Debug */,
				CAC8FD3805A19F3649C8817B /* Release */,
			);
			defaultConfigurationIsVisible = 0;
			defaultConfigurationName = Debug;
		};
/* End XCConfigurationList section */
	};
	rootObject = 7065F6B385619FE0C8B91746 /* Project object */;
}
